Microsoft Visual Studio Solution File, Format Version 11.00
# Visual Studio 2008

Project("{61D29297-3056-144E-96B2-78C8337DC917}") = "HTCFurit", "Assembly-CSharp.csproj", "{EEC954DB-5D4E-E047-0404-BC3C128F3A4C}"
EndProject
Global
	GlobalSection(SolutionConfigurationPlatforms) = preSolution
		Debug|Any CPU = Debug|Any CPU
		Release|Any CPU = Release|Any CPU
	EndGlobalSection
	GlobalSection(ProjectConfigurationPlatforms) = postSolution
		{EEC954DB-5D4E-E047-0404-BC3C128F3A4C}.Debug|Any CPU.ActiveCfg = Debug|Any CPU
		{EEC954DB-5D4E-E047-0404-BC3C128F3A4C}.Debug|Any CPU.Build.0 = Debug|Any CPU
		{EEC954DB-5D4E-E047-0404-BC3C128F3A4C}.Release|Any CPU.ActiveCfg = Release|Any CPU
		{EEC954DB-5D4E-E047-0404-BC3C128F3A4C}.Release|Any CPU.Build.0 = Release|Any CPU
	EndGlobalSection
	GlobalSection(SolutionProperties) = preSolution
		HideSolutionNode = FALSE
	EndGlobalSection
	GlobalSection(MonoDevelopProperties) = preSolution
		StartupItem = Assembly-CSharp.csproj
	EndGlobalSection
EndGlobal
